// !$*UTF8*$!
{
	archiveVersion = 1;
	classes = {
	};
	objectVersion = 46;
	objects = {

/* Begin PBXBuildFile section */
		0742437C2857C2FF004F52D7 /* HeaderView.swift in Sources */ = {isa = PBXBuildFile; fileRef = 0742437B2857C2FF004F52D7 /* HeaderView.swift */; };
		0781C95628491FD300CBCAA0 /* PostCellItem.swift in Sources */ = {isa = PBXBuildFile; fileRef = 0781C95528491FD300CBCAA0 /* PostCellItem.swift */; };
		0781C9592849205300CBCAA0 /* PostCellItemFactory.swift in Sources */ = {isa = PBXBuildFile; fileRef = 0781C9582849205300CBCAA0 /* PostCellItemFactory.swift */; };
		0781C95B2849212200CBCAA0 /* ImagePostCellItem.swift in Sources */ = {isa = PBXBuildFile; fileRef = 0781C95A2849212200CBCAA0 /* ImagePostCellItem.swift */; };
		0781C95D2849216500CBCAA0 /* VideoPostCellItem.swift in Sources */ = {isa = PBXBuildFile; fileRef = 0781C95C2849216500CBCAA0 /* VideoPostCellItem.swift */; };
		0781C95F2849218400CBCAA0 /* TextPostCellItem.swift in Sources */ = {isa = PBXBuildFile; fileRef = 0781C95E2849218400CBCAA0 /* TextPostCellItem.swift */; };
		0781C961284921D000CBCAA0 /* DashboardCell.swift in Sources */ = {isa = PBXBuildFile; fileRef = 0781C960284921D000CBCAA0 /* DashboardCell.swift */; };
		0797CF9E284025F900D30EC8 /* CoreDataManager.swift in Sources */ = {isa = PBXBuildFile; fileRef = 0797CF9D284025F900D30EC8 /* CoreDataManager.swift */; };
		0797CFA02840268500D30EC8 /* CoreDataManagerProtocol.swift in Sources */ = {isa = PBXBuildFile; fileRef = 0797CF9F2840268500D30EC8 /* CoreDataManagerProtocol.swift */; };
		0797CFB6284377C900D30EC8 /* URLSessionProtocol.swift in Sources */ = {isa = PBXBuildFile; fileRef = 0797CFB5284377C900D30EC8 /* URLSessionProtocol.swift */; };
		0797CFB8284377E100D30EC8 /* Enpoints.swift in Sources */ = {isa = PBXBuildFile; fileRef = 0797CFB7284377E100D30EC8 /* Enpoints.swift */; };
		0797CFBA2843781D00D30EC8 /* TumblrbotURLSession.swift in Sources */ = {isa = PBXBuildFile; fileRef = 0797CFB92843781D00D30EC8 /* TumblrbotURLSession.swift */; };
		0797CFBC2843786400D30EC8 /* ApiClientProtocol.swift in Sources */ = {isa = PBXBuildFile; fileRef = 0797CFBB2843786400D30EC8 /* ApiClientProtocol.swift */; };
		0797CFBE284378AE00D30EC8 /* ApiClient.swift in Sources */ = {isa = PBXBuildFile; fileRef = 0797CFBD284378AE00D30EC8 /* ApiClient.swift */; };
		0797CFC328438BCE00D30EC8 /* DashboardResponse.swift in Sources */ = {isa = PBXBuildFile; fileRef = 0797CFC228438BCE00D30EC8 /* DashboardResponse.swift */; };
		0797CFC528438DB000D30EC8 /* NetworkDashboardDataManagerProtocol.swift in Sources */ = {isa = PBXBuildFile; fileRef = 0797CFC428438DB000D30EC8 /* NetworkDashboardDataManagerProtocol.swift */; };
		0797CFC728438E0F00D30EC8 /* NetworkDashboardDataManager.swift in Sources */ = {isa = PBXBuildFile; fileRef = 0797CFC628438E0F00D30EC8 /* NetworkDashboardDataManager.swift */; };
		0797CFF82846723E00D30EC8 /* DashboardViewController.swift in Sources */ = {isa = PBXBuildFile; fileRef = 0797CFF72846723E00D30EC8 /* DashboardViewController.swift */; };
		0797CFFA2846725800D30EC8 /* DashboardViewProtocol.swift in Sources */ = {isa = PBXBuildFile; fileRef = 0797CFF92846725800D30EC8 /* DashboardViewProtocol.swift */; };
		0797CFFD284672AC00D30EC8 /* DashboardPresenter.swift in Sources */ = {isa = PBXBuildFile; fileRef = 0797CFFC284672AC00D30EC8 /* DashboardPresenter.swift */; };
		0797CFFF284672D300D30EC8 /* DashboardPresenterProtocol.swift in Sources */ = {isa = PBXBuildFile; fileRef = 0797CFFE284672D300D30EC8 /* DashboardPresenterProtocol.swift */; };
		0797D0022846735800D30EC8 /* DashboardInteractor.swift in Sources */ = {isa = PBXBuildFile; fileRef = 0797D0012846735800D30EC8 /* DashboardInteractor.swift */; };
		0797D0042846736300D30EC8 /* DashboardInteractorProtocol.swift in Sources */ = {isa = PBXBuildFile; fileRef = 0797D0032846736300D30EC8 /* DashboardInteractorProtocol.swift */; };
		0797D007284673CD00D30EC8 /* AssemblerProtocol.swift in Sources */ = {isa = PBXBuildFile; fileRef = 0797D006284673CD00D30EC8 /* AssemblerProtocol.swift */; };
		0797D009284673EC00D30EC8 /* Assembler.swift in Sources */ = {isa = PBXBuildFile; fileRef = 0797D008284673EC00D30EC8 /* Assembler.swift */; };
		0797D00D2847A5BA00D30EC8 /* Post.swift in Sources */ = {isa = PBXBuildFile; fileRef = 0797D00B2847A5BA00D30EC8 /* Post.swift */; };
		0797D00E2847A5BA00D30EC8 /* PostMapper.swift in Sources */ = {isa = PBXBuildFile; fileRef = 0797D00C2847A5BA00D30EC8 /* PostMapper.swift */; };
		0797D0112847A5D400D30EC8 /* PostMapperTests.swift in Sources */ = {isa = PBXBuildFile; fileRef = 0797D00F2847A5D400D30EC8 /* PostMapperTests.swift */; };
		0797D0122847A5D400D30EC8 /* PostMapperTestsUtils.swift in Sources */ = {isa = PBXBuildFile; fileRef = 0797D0102847A5D400D30EC8 /* PostMapperTestsUtils.swift */; };
		07E376C2284A22A000CCCC92 /* StorageDashboardDataManagerProtocol.swift in Sources */ = {isa = PBXBuildFile; fileRef = 07E376BF284A22A000CCCC92 /* StorageDashboardDataManagerProtocol.swift */; };
		07E376C3284A22A000CCCC92 /* StorageDashboardMapper.swift in Sources */ = {isa = PBXBuildFile; fileRef = 07E376C0284A22A000CCCC92 /* StorageDashboardMapper.swift */; };
		07E376C4284A22A000CCCC92 /* StorageDashboardDataManager.swift in Sources */ = {isa = PBXBuildFile; fileRef = 07E376C1284A22A000CCCC92 /* StorageDashboardDataManager.swift */; };
		07E376C9284A22D300CCCC92 /* LocalDashboardMapperTests.swift in Sources */ = {isa = PBXBuildFile; fileRef = 07E376C8284A22D300CCCC92 /* LocalDashboardMapperTests.swift */; };
		07E376CC284A6BB500CCCC92 /* DashboardPresenterTests.swift in Sources */ = {isa = PBXBuildFile; fileRef = 07E376CB284A6BB500CCCC92 /* DashboardPresenterTests.swift */; };
		07E376D0284A6BFE00CCCC92 /* DashboardMocks.swift in Sources */ = {isa = PBXBuildFile; fileRef = 07E376CF284A6BFE00CCCC92 /* DashboardMocks.swift */; };
		07E376D3284A6E2500CCCC92 /* DashboardInteractorTests.swift in Sources */ = {isa = PBXBuildFile; fileRef = 07E376D2284A6E2500CCCC92 /* DashboardInteractorTests.swift */; };
		07E38B6C2858D4E7003E0518 /* Localizable.strings in Resources */ = {isa = PBXBuildFile; fileRef = 07E38B6E2858D4E7003E0518 /* Localizable.strings */; };
		07E838E0284CB3A90089F7D4 /* ImageDowloader.swift in Sources */ = {isa = PBXBuildFile; fileRef = 07E838DF284CB3A90089F7D4 /* ImageDowloader.swift */; };
		07E838E2284E181C0089F7D4 /* Date+extensions.swift in Sources */ = {isa = PBXBuildFile; fileRef = 07E838E1284E181C0089F7D4 /* Date+extensions.swift */; };
		07E838EA284E47120089F7D4 /* ReachabilityProvider.swift in Sources */ = {isa = PBXBuildFile; fileRef = 07E838E9284E47120089F7D4 /* ReachabilityProvider.swift */; };
		62EB65C9BB9FB3C11A81C3F0 /* libPods-Tumblrbot.a in Frameworks */ = {isa = PBXBuildFile; fileRef = 7B5CF331C88853A6C9D6CCD2 /* libPods-Tumblrbot.a */; };
		9A694CE7CBAD74922667671F /* libPods-TumblrbotTests.a in Frameworks */ = {isa = PBXBuildFile; fileRef = EE96238005615C73E11C6FD1 /* libPods-TumblrbotTests.a */; };
		D39FA0001A19673A004914C2 /* AppDelegate.swift in Sources */ = {isa = PBXBuildFile; fileRef = D39F9FFF1A19673A004914C2 /* AppDelegate.swift */; };
		D39FA0031A19673A004914C2 /* Tumblrbot.xcdatamodeld in Sources */ = {isa = PBXBuildFile; fileRef = D39FA0011A19673A004914C2 /* Tumblrbot.xcdatamodeld */; };
		D39FA00A1A19673A004914C2 /* Resources.xcassets in Resources */ = {isa = PBXBuildFile; fileRef = D39FA0091A19673A004914C2 /* Resources.xcassets */; };
		D39FA00D1A19673A004914C2 /* LaunchScreen.xib in Resources */ = {isa = PBXBuildFile; fileRef = D39FA00B1A19673A004914C2 /* LaunchScreen.xib */; };
/* End PBXBuildFile section */

/* Begin PBXContainerItemProxy section */
		D39FA0131A19673A004914C2 /* PBXContainerItemProxy */ = {
			isa = PBXContainerItemProxy;
			containerPortal = D39F9FF21A19673A004914C2 /* Project object */;
			proxyType = 1;
			remoteGlobalIDString = D39F9FF91A19673A004914C2;
			remoteInfo = Tumblrbot;
		};
/* End PBXContainerItemProxy section */

/* Begin PBXFileReference section */
		0742437B2857C2FF004F52D7 /* HeaderView.swift */ = {isa = PBXFileReference; lastKnownFileType = sourcecode.swift; path = HeaderView.swift; sourceTree = "<group>"; };
		0781C95528491FD300CBCAA0 /* PostCellItem.swift */ = {isa = PBXFileReference; lastKnownFileType = sourcecode.swift; path = PostCellItem.swift; sourceTree = "<group>"; };
		0781C9582849205300CBCAA0 /* PostCellItemFactory.swift */ = {isa = PBXFileReference; lastKnownFileType = sourcecode.swift; path = PostCellItemFactory.swift; sourceTree = "<group>"; };
		0781C95A2849212200CBCAA0 /* ImagePostCellItem.swift */ = {isa = PBXFileReference; lastKnownFileType = sourcecode.swift; path = ImagePostCellItem.swift; sourceTree = "<group>"; };
		0781C95C2849216500CBCAA0 /* VideoPostCellItem.swift */ = {isa = PBXFileReference; lastKnownFileType = sourcecode.swift; path = VideoPostCellItem.swift; sourceTree = "<group>"; };
		0781C95E2849218400CBCAA0 /* TextPostCellItem.swift */ = {isa = PBXFileReference; lastKnownFileType = sourcecode.swift; path = TextPostCellItem.swift; sourceTree = "<group>"; };
		0781C960284921D000CBCAA0 /* DashboardCell.swift */ = {isa = PBXFileReference; lastKnownFileType = sourcecode.swift; path = DashboardCell.swift; sourceTree = "<group>"; };
		0797CF9C28401DCF00D30EC8 /* Secrets.xcconfig */ = {isa = PBXFileReference; lastKnownFileType = text.xcconfig; path = Secrets.xcconfig; sourceTree = "<group>"; };
		0797CF9D284025F900D30EC8 /* CoreDataManager.swift */ = {isa = PBXFileReference; lastKnownFileType = sourcecode.swift; path = CoreDataManager.swift; sourceTree = "<group>"; };
		0797CF9F2840268500D30EC8 /* CoreDataManagerProtocol.swift */ = {isa = PBXFileReference; lastKnownFileType = sourcecode.swift; path = CoreDataManagerProtocol.swift; sourceTree = "<group>"; };
		0797CFB5284377C900D30EC8 /* URLSessionProtocol.swift */ = {isa = PBXFileReference; lastKnownFileType = sourcecode.swift; path = URLSessionProtocol.swift; sourceTree = "<group>"; };
		0797CFB7284377E100D30EC8 /* Enpoints.swift */ = {isa = PBXFileReference; lastKnownFileType = sourcecode.swift; path = Enpoints.swift; sourceTree = "<group>"; };
		0797CFB92843781D00D30EC8 /* TumblrbotURLSession.swift */ = {isa = PBXFileReference; lastKnownFileType = sourcecode.swift; path = TumblrbotURLSession.swift; sourceTree = "<group>"; };
		0797CFBB2843786400D30EC8 /* ApiClientProtocol.swift */ = {isa = PBXFileReference; lastKnownFileType = sourcecode.swift; path = ApiClientProtocol.swift; sourceTree = "<group>"; };
		0797CFBD284378AE00D30EC8 /* ApiClient.swift */ = {isa = PBXFileReference; lastKnownFileType = sourcecode.swift; path = ApiClient.swift; sourceTree = "<group>"; };
		0797CFC228438BCE00D30EC8 /* DashboardResponse.swift */ = {isa = PBXFileReference; lastKnownFileType = sourcecode.swift; path = DashboardResponse.swift; sourceTree = "<group>"; };
		0797CFC428438DB000D30EC8 /* NetworkDashboardDataManagerProtocol.swift */ = {isa = PBXFileReference; lastKnownFileType = sourcecode.swift; path = NetworkDashboardDataManagerProtocol.swift; sourceTree = "<group>"; };
		0797CFC628438E0F00D30EC8 /* NetworkDashboardDataManager.swift */ = {isa = PBXFileReference; lastKnownFileType = sourcecode.swift; path = NetworkDashboardDataManager.swift; sourceTree = "<group>"; };
		0797CFF72846723E00D30EC8 /* DashboardViewController.swift */ = {isa = PBXFileReference; lastKnownFileType = sourcecode.swift; path = DashboardViewController.swift; sourceTree = "<group>"; };
		0797CFF92846725800D30EC8 /* DashboardViewProtocol.swift */ = {isa = PBXFileReference; lastKnownFileType = sourcecode.swift; path = DashboardViewProtocol.swift; sourceTree = "<group>"; };
		0797CFFC284672AC00D30EC8 /* DashboardPresenter.swift */ = {isa = PBXFileReference; lastKnownFileType = sourcecode.swift; path = DashboardPresenter.swift; sourceTree = "<group>"; };
		0797CFFE284672D300D30EC8 /* DashboardPresenterProtocol.swift */ = {isa = PBXFileReference; lastKnownFileType = sourcecode.swift; path = DashboardPresenterProtocol.swift; sourceTree = "<group>"; };
		0797D0012846735800D30EC8 /* DashboardInteractor.swift */ = {isa = PBXFileReference; lastKnownFileType = sourcecode.swift; path = DashboardInteractor.swift; sourceTree = "<group>"; };
		0797D0032846736300D30EC8 /* DashboardInteractorProtocol.swift */ = {isa = PBXFileReference; lastKnownFileType = sourcecode.swift; path = DashboardInteractorProtocol.swift; sourceTree = "<group>"; };
		0797D006284673CD00D30EC8 /* AssemblerProtocol.swift */ = {isa = PBXFileReference; lastKnownFileType = sourcecode.swift; path = AssemblerProtocol.swift; sourceTree = "<group>"; };
		0797D008284673EC00D30EC8 /* Assembler.swift */ = {isa = PBXFileReference; lastKnownFileType = sourcecode.swift; path = Assembler.swift; sourceTree = "<group>"; };
		0797D00B2847A5BA00D30EC8 /* Post.swift */ = {isa = PBXFileReference; fileEncoding = 4; lastKnownFileType = sourcecode.swift; path = Post.swift; sourceTree = "<group>"; };
		0797D00C2847A5BA00D30EC8 /* PostMapper.swift */ = {isa = PBXFileReference; fileEncoding = 4; lastKnownFileType = sourcecode.swift; path = PostMapper.swift; sourceTree = "<group>"; };
		0797D00F2847A5D400D30EC8 /* PostMapperTests.swift */ = {isa = PBXFileReference; fileEncoding = 4; lastKnownFileType = sourcecode.swift; path = PostMapperTests.swift; sourceTree = "<group>"; };
		0797D0102847A5D400D30EC8 /* PostMapperTestsUtils.swift */ = {isa = PBXFileReference; fileEncoding = 4; lastKnownFileType = sourcecode.swift; path = PostMapperTestsUtils.swift; sourceTree = "<group>"; };
		07E376BF284A22A000CCCC92 /* StorageDashboardDataManagerProtocol.swift */ = {isa = PBXFileReference; fileEncoding = 4; lastKnownFileType = sourcecode.swift; path = StorageDashboardDataManagerProtocol.swift; sourceTree = "<group>"; };
		07E376C0284A22A000CCCC92 /* StorageDashboardMapper.swift */ = {isa = PBXFileReference; fileEncoding = 4; lastKnownFileType = sourcecode.swift; path = StorageDashboardMapper.swift; sourceTree = "<group>"; };
		07E376C1284A22A000CCCC92 /* StorageDashboardDataManager.swift */ = {isa = PBXFileReference; fileEncoding = 4; lastKnownFileType = sourcecode.swift; path = StorageDashboardDataManager.swift; sourceTree = "<group>"; };
		07E376C8284A22D300CCCC92 /* LocalDashboardMapperTests.swift */ = {isa = PBXFileReference; fileEncoding = 4; lastKnownFileType = sourcecode.swift; path = LocalDashboardMapperTests.swift; sourceTree = "<group>"; };
		07E376CB284A6BB500CCCC92 /* DashboardPresenterTests.swift */ = {isa = PBXFileReference; lastKnownFileType = sourcecode.swift; path = DashboardPresenterTests.swift; sourceTree = "<group>"; };
		07E376CF284A6BFE00CCCC92 /* DashboardMocks.swift */ = {isa = PBXFileReference; lastKnownFileType = sourcecode.swift; path = DashboardMocks.swift; sourceTree = "<group>"; };
		07E376D2284A6E2500CCCC92 /* DashboardInteractorTests.swift */ = {isa = PBXFileReference; lastKnownFileType = sourcecode.swift; path = DashboardInteractorTests.swift; sourceTree = "<group>"; };
		07E38B6D2858D4E7003E0518 /* en */ = {isa = PBXFileReference; lastKnownFileType = text.plist.strings; name = en; path = en.lproj/Localizable.strings; sourceTree = "<group>"; };
		07E838DD284CAF190089F7D4 /* Tumblrbot 2.xcdatamodel */ = {isa = PBXFileReference; lastKnownFileType = wrapper.xcdatamodel; path = "Tumblrbot 2.xcdatamodel"; sourceTree = "<group>"; };
		07E838DF284CB3A90089F7D4 /* ImageDowloader.swift */ = {isa = PBXFileReference; lastKnownFileType = sourcecode.swift; path = ImageDowloader.swift; sourceTree = "<group>"; };
		07E838E1284E181C0089F7D4 /* Date+extensions.swift */ = {isa = PBXFileReference; lastKnownFileType = sourcecode.swift; path = "Date+extensions.swift"; sourceTree = "<group>"; };
		07E838E5284E36A70089F7D4 /* Tumblrbot 3.xcdatamodel */ = {isa = PBXFileReference; lastKnownFileType = wrapper.xcdatamodel; path = "Tumblrbot 3.xcdatamodel"; sourceTree = "<group>"; };
		07E838E9284E47120089F7D4 /* ReachabilityProvider.swift */ = {isa = PBXFileReference; lastKnownFileType = sourcecode.swift; path = ReachabilityProvider.swift; sourceTree = "<group>"; };
		4458EE6FB7F38596CD891B7C /* Pods-Tumblrbot.debug.xcconfig */ = {isa = PBXFileReference; includeInIndex = 1; lastKnownFileType = text.xcconfig; name = "Pods-Tumblrbot.debug.xcconfig"; path = "Pods/Target Support Files/Pods-Tumblrbot/Pods-Tumblrbot.debug.xcconfig"; sourceTree = "<group>"; };
		5612158B5D2132F4EFFD713E /* Pods-TumblrbotTests.release.xcconfig */ = {isa = PBXFileReference; includeInIndex = 1; lastKnownFileType = text.xcconfig; name = "Pods-TumblrbotTests.release.xcconfig"; path = "Pods/Target Support Files/Pods-TumblrbotTests/Pods-TumblrbotTests.release.xcconfig"; sourceTree = "<group>"; };
		7B5CF331C88853A6C9D6CCD2 /* libPods-Tumblrbot.a */ = {isa = PBXFileReference; explicitFileType = archive.ar; includeInIndex = 0; path = "libPods-Tumblrbot.a"; sourceTree = BUILT_PRODUCTS_DIR; };
		817387ADD590EBC014469748 /* Pods-Tumblrbot.release.xcconfig */ = {isa = PBXFileReference; includeInIndex = 1; lastKnownFileType = text.xcconfig; name = "Pods-Tumblrbot.release.xcconfig"; path = "Pods/Target Support Files/Pods-Tumblrbot/Pods-Tumblrbot.release.xcconfig"; sourceTree = "<group>"; };
		D39F9FFA1A19673A004914C2 /* Tumblrbot.app */ = {isa = PBXFileReference; explicitFileType = wrapper.application; includeInIndex = 0; path = Tumblrbot.app; sourceTree = BUILT_PRODUCTS_DIR; };
		D39F9FFE1A19673A004914C2 /* Info.plist */ = {isa = PBXFileReference; lastKnownFileType = text.plist.xml; path = Info.plist; sourceTree = "<group>"; };
		D39F9FFF1A19673A004914C2 /* AppDelegate.swift */ = {isa = PBXFileReference; lastKnownFileType = sourcecode.swift; path = AppDelegate.swift; sourceTree = "<group>"; };
		D39FA0021A19673A004914C2 /* Tumblrbot.xcdatamodel */ = {isa = PBXFileReference; lastKnownFileType = wrapper.xcdatamodel; path = Tumblrbot.xcdatamodel; sourceTree = "<group>"; };
		D39FA0091A19673A004914C2 /* Resources.xcassets */ = {isa = PBXFileReference; lastKnownFileType = folder.assetcatalog; path = Resources.xcassets; sourceTree = "<group>"; };
		D39FA00C1A19673A004914C2 /* Base */ = {isa = PBXFileReference; lastKnownFileType = file.xib; name = Base; path = Base.lproj/LaunchScreen.xib; sourceTree = "<group>"; };
		D39FA0121A19673A004914C2 /* TumblrbotTests.xctest */ = {isa = PBXFileReference; explicitFileType = wrapper.cfbundle; includeInIndex = 0; path = TumblrbotTests.xctest; sourceTree = BUILT_PRODUCTS_DIR; };
		D39FA0171A19673A004914C2 /* Info.plist */ = {isa = PBXFileReference; lastKnownFileType = text.plist.xml; path = Info.plist; sourceTree = "<group>"; };
		D39FA0221A196835004914C2 /* Tumblrbot-Bridging-Header.h */ = {isa = PBXFileReference; lastKnownFileType = sourcecode.c.h; path = "Tumblrbot-Bridging-Header.h"; sourceTree = "<group>"; };
		EE96238005615C73E11C6FD1 /* libPods-TumblrbotTests.a */ = {isa = PBXFileReference; explicitFileType = archive.ar; includeInIndex = 0; path = "libPods-TumblrbotTests.a"; sourceTree = BUILT_PRODUCTS_DIR; };
		F6E15DD798093D12758A1E9E /* Pods-TumblrbotTests.debug.xcconfig */ = {isa = PBXFileReference; includeInIndex = 1; lastKnownFileType = text.xcconfig; name = "Pods-TumblrbotTests.debug.xcconfig"; path = "Pods/Target Support Files/Pods-TumblrbotTests/Pods-TumblrbotTests.debug.xcconfig"; sourceTree = "<group>"; };
/* End PBXFileReference section */

/* Begin PBXFrameworksBuildPhase section */
		D39F9FF71A19673A004914C2 /* Frameworks */ = {
			isa = PBXFrameworksBuildPhase;
			buildActionMask = 2147483647;
			files = (
				62EB65C9BB9FB3C11A81C3F0 /* libPods-Tumblrbot.a in Frameworks */,
			);
			runOnlyForDeploymentPostprocessing = 0;
		};
		D39FA00F1A19673A004914C2 /* Frameworks */ = {
			isa = PBXFrameworksBuildPhase;
			buildActionMask = 2147483647;
			files = (
				9A694CE7CBAD74922667671F /* libPods-TumblrbotTests.a in Frameworks */,
			);
			runOnlyForDeploymentPostprocessing = 0;
		};
/* End PBXFrameworksBuildPhase section */

/* Begin PBXGroup section */
		0781C95428491FBD00CBCAA0 /* PostCellItem */ = {
			isa = PBXGroup;
			children = (
				0781C95528491FD300CBCAA0 /* PostCellItem.swift */,
			);
			name = PostCellItem;
			sourceTree = "<group>";
		};
		0781C95728491FF400CBCAA0 /* Cells */ = {
			isa = PBXGroup;
			children = (
				0781C9582849205300CBCAA0 /* PostCellItemFactory.swift */,
				0781C95A2849212200CBCAA0 /* ImagePostCellItem.swift */,
				0781C95C2849216500CBCAA0 /* VideoPostCellItem.swift */,
				0781C95E2849218400CBCAA0 /* TextPostCellItem.swift */,
				0781C960284921D000CBCAA0 /* DashboardCell.swift */,
				0742437B2857C2FF004F52D7 /* HeaderView.swift */,
			);
			name = Cells;
			sourceTree = "<group>";
		};
		0797CF97284019F500D30EC8 /* ApiClient */ = {
			isa = PBXGroup;
			children = (
				0797CFB7284377E100D30EC8 /* Enpoints.swift */,
				0797CFBB2843786400D30EC8 /* ApiClientProtocol.swift */,
				0797CFBD284378AE00D30EC8 /* ApiClient.swift */,
			);
			name = ApiClient;
			sourceTree = "<group>";
		};
		0797CFCA2843BF0D00D30EC8 /* Network */ = {
			isa = PBXGroup;
			children = (
				0797CFCC2843BF3600D30EC8 /* DataManager */,
				0797CFCB2843BF2400D30EC8 /* URLSession */,
				0797CF97284019F500D30EC8 /* ApiClient */,
			);
			name = Network;
			sourceTree = "<group>";
		};
		0797CFCB2843BF2400D30EC8 /* URLSession */ = {
			isa = PBXGroup;
			children = (
				0797CFB5284377C900D30EC8 /* URLSessionProtocol.swift */,
				0797CFB92843781D00D30EC8 /* TumblrbotURLSession.swift */,
			);
			name = URLSession;
			sourceTree = "<group>";
		};
		0797CFCC2843BF3600D30EC8 /* DataManager */ = {
			isa = PBXGroup;
			children = (
				0797CFC228438BCE00D30EC8 /* DashboardResponse.swift */,
				0797CFC428438DB000D30EC8 /* NetworkDashboardDataManagerProtocol.swift */,
				0797CFC628438E0F00D30EC8 /* NetworkDashboardDataManager.swift */,
			);
			name = DataManager;
			sourceTree = "<group>";
		};
		0797CFF42846721600D30EC8 /* Modules */ = {
			isa = PBXGroup;
			children = (
				0797D0162847AE5D00D30EC8 /* Assembler */,
				0797CFF52846721C00D30EC8 /* Dashboard */,
			);
			name = Modules;
			sourceTree = "<group>";
		};
		0797CFF52846721C00D30EC8 /* Dashboard */ = {
			isa = PBXGroup;
			children = (
				0797D00A2847A5AB00D30EC8 /* Model */,
				0797D0002846734A00D30EC8 /* Interactor */,
				0797CFFB284672A000D30EC8 /* Presenter */,
				0797CFF62846722100D30EC8 /* View */,
			);
			name = Dashboard;
			sourceTree = "<group>";
		};
		0797CFF62846722100D30EC8 /* View */ = {
			isa = PBXGroup;
			children = (
				0781C95728491FF400CBCAA0 /* Cells */,
				0781C95428491FBD00CBCAA0 /* PostCellItem */,
				0797CFF72846723E00D30EC8 /* DashboardViewController.swift */,
				0797CFF92846725800D30EC8 /* DashboardViewProtocol.swift */,
			);
			name = View;
			sourceTree = "<group>";
		};
		0797CFFB284672A000D30EC8 /* Presenter */ = {
			isa = PBXGroup;
			children = (
				0797CFFC284672AC00D30EC8 /* DashboardPresenter.swift */,
				0797CFFE284672D300D30EC8 /* DashboardPresenterProtocol.swift */,
			);
			name = Presenter;
			sourceTree = "<group>";
		};
		0797D0002846734A00D30EC8 /* Interactor */ = {
			isa = PBXGroup;
			children = (
				0797D0012846735800D30EC8 /* DashboardInteractor.swift */,
				0797D0032846736300D30EC8 /* DashboardInteractorProtocol.swift */,
			);
			name = Interactor;
			sourceTree = "<group>";
		};
		0797D00A2847A5AB00D30EC8 /* Model */ = {
			isa = PBXGroup;
			children = (
				0797D00B2847A5BA00D30EC8 /* Post.swift */,
				0797D00C2847A5BA00D30EC8 /* PostMapper.swift */,
			);
			name = Model;
			sourceTree = "<group>";
		};
		0797D0132847A5E300D30EC8 /* Modules */ = {
			isa = PBXGroup;
			children = (
				0797D0142847A5EA00D30EC8 /* Dashboard */,
			);
			name = Modules;
			sourceTree = "<group>";
		};
		0797D0142847A5EA00D30EC8 /* Dashboard */ = {
			isa = PBXGroup;
			children = (
				07E376D1284A6E0A00CCCC92 /* Interactor */,
				07E376CE284A6BEF00CCCC92 /* Mocks */,
				07E376CA284A6BA200CCCC92 /* Presenter */,
				0797D0152847A5EF00D30EC8 /* Model */,
			);
			name = Dashboard;
			sourceTree = "<group>";
		};
		0797D0152847A5EF00D30EC8 /* Model */ = {
			isa = PBXGroup;
			children = (
				0797D00F2847A5D400D30EC8 /* PostMapperTests.swift */,
				0797D0102847A5D400D30EC8 /* PostMapperTestsUtils.swift */,
			);
			name = Model;
			sourceTree = "<group>";
		};
		0797D0162847AE5D00D30EC8 /* Assembler */ = {
			isa = PBXGroup;
			children = (
				0797D006284673CD00D30EC8 /* AssemblerProtocol.swift */,
				0797D008284673EC00D30EC8 /* Assembler.swift */,
			);
			name = Assembler;
			sourceTree = "<group>";
		};
		07E376C5284A22A300CCCC92 /* StorageDashboard */ = {
			isa = PBXGroup;
			children = (
				07E376C1284A22A000CCCC92 /* StorageDashboardDataManager.swift */,
				07E376BF284A22A000CCCC92 /* StorageDashboardDataManagerProtocol.swift */,
				07E376C0284A22A000CCCC92 /* StorageDashboardMapper.swift */,
			);
			name = StorageDashboard;
			sourceTree = "<group>";
		};
		07E376C6284A22BB00CCCC92 /* Core Data */ = {
			isa = PBXGroup;
			children = (
				07E376C7284A22CA00CCCC92 /* StorageDashboard */,
			);
			name = "Core Data";
			sourceTree = "<group>";
		};
		07E376C7284A22CA00CCCC92 /* StorageDashboard */ = {
			isa = PBXGroup;
			children = (
				07E376C8284A22D300CCCC92 /* LocalDashboardMapperTests.swift */,
			);
			name = StorageDashboard;
			sourceTree = "<group>";
		};
		07E376CA284A6BA200CCCC92 /* Presenter */ = {
			isa = PBXGroup;
			children = (
				07E376CB284A6BB500CCCC92 /* DashboardPresenterTests.swift */,
			);
			name = Presenter;
			sourceTree = "<group>";
		};
		07E376CE284A6BEF00CCCC92 /* Mocks */ = {
			isa = PBXGroup;
			children = (
				07E376CF284A6BFE00CCCC92 /* DashboardMocks.swift */,
			);
			name = Mocks;
			sourceTree = "<group>";
		};
		07E376D1284A6E0A00CCCC92 /* Interactor */ = {
			isa = PBXGroup;
			children = (
				07E376D2284A6E2500CCCC92 /* DashboardInteractorTests.swift */,
			);
			name = Interactor;
			sourceTree = "<group>";
		};
		07E838DE284CB39C0089F7D4 /* Utils */ = {
			isa = PBXGroup;
			children = (
				07E838E1284E181C0089F7D4 /* Date+extensions.swift */,
			);
			name = Utils;
			sourceTree = "<group>";
		};
		07E838E8284E46FB0089F7D4 /* Providers */ = {
			isa = PBXGroup;
			children = (
				07E838DF284CB3A90089F7D4 /* ImageDowloader.swift */,
				07E838E9284E47120089F7D4 /* ReachabilityProvider.swift */,
			);
			name = Providers;
			sourceTree = "<group>";
		};
		B3FC83EE34CC099A254C587A /* Frameworks */ = {
			isa = PBXGroup;
			children = (
				7B5CF331C88853A6C9D6CCD2 /* libPods-Tumblrbot.a */,
				EE96238005615C73E11C6FD1 /* libPods-TumblrbotTests.a */,
			);
			name = Frameworks;
			sourceTree = "<group>";
		};
		D39F9FF11A19673A004914C2 = {
			isa = PBXGroup;
			children = (
				D39F9FFC1A19673A004914C2 /* Tumblrbot */,
				D39FA0151A19673A004914C2 /* TumblrbotTests */,
				D39F9FFB1A19673A004914C2 /* Products */,
				EEEE4CDD9550E03FE8B0AD69 /* Pods */,
				B3FC83EE34CC099A254C587A /* Frameworks */,
			);
			sourceTree = "<group>";
		};
		D39F9FFB1A19673A004914C2 /* Products */ = {
			isa = PBXGroup;
			children = (
				D39F9FFA1A19673A004914C2 /* Tumblrbot.app */,
				D39FA0121A19673A004914C2 /* TumblrbotTests.xctest */,
			);
			name = Products;
			sourceTree = "<group>";
		};
		D39F9FFC1A19673A004914C2 /* Tumblrbot */ = {
			isa = PBXGroup;
			children = (
				07E838E8284E46FB0089F7D4 /* Providers */,
				07E838DE284CB39C0089F7D4 /* Utils */,
				0797CFF42846721600D30EC8 /* Modules */,
				0797CFCA2843BF0D00D30EC8 /* Network */,
				D3EFCEE71CAAF7D400D06ACB /* Core Data */,
				D39F9FFF1A19673A004914C2 /* AppDelegate.swift */,
				D39FA0091A19673A004914C2 /* Resources.xcassets */,
				D39FA00B1A19673A004914C2 /* LaunchScreen.xib */,
				D39FA0011A19673A004914C2 /* Tumblrbot.xcdatamodeld */,
				D39F9FFD1A19673A004914C2 /* Supporting Files */,
				D39FA0221A196835004914C2 /* Tumblrbot-Bridging-Header.h */,
			);
			path = Tumblrbot;
			sourceTree = "<group>";
		};
		D39F9FFD1A19673A004914C2 /* Supporting Files */ = {
			isa = PBXGroup;
			children = (
				D39F9FFE1A19673A004914C2 /* Info.plist */,
				0797CF9C28401DCF00D30EC8 /* Secrets.xcconfig */,
				07E38B6E2858D4E7003E0518 /* Localizable.strings */,
			);
			name = "Supporting Files";
			sourceTree = "<group>";
		};
		D39FA0151A19673A004914C2 /* TumblrbotTests */ = {
			isa = PBXGroup;
			children = (
				07E376C6284A22BB00CCCC92 /* Core Data */,
				0797D0132847A5E300D30EC8 /* Modules */,
				D39FA0161A19673A004914C2 /* Supporting Files */,
			);
			path = TumblrbotTests;
			sourceTree = "<group>";
		};
		D39FA0161A19673A004914C2 /* Supporting Files */ = {
			isa = PBXGroup;
			children = (
				D39FA0171A19673A004914C2 /* Info.plist */,
			);
			name = "Supporting Files";
			sourceTree = "<group>";
		};
		D3EFCEE71CAAF7D400D06ACB /* Core Data */ = {
			isa = PBXGroup;
			children = (
				07E376C5284A22A300CCCC92 /* StorageDashboard */,
				0797CF9D284025F900D30EC8 /* CoreDataManager.swift */,
				0797CF9F2840268500D30EC8 /* CoreDataManagerProtocol.swift */,
			);
			name = "Core Data";
			sourceTree = "<group>";
		};
		EEEE4CDD9550E03FE8B0AD69 /* Pods */ = {
			isa = PBXGroup;
			children = (
				4458EE6FB7F38596CD891B7C /* Pods-Tumblrbot.debug.xcconfig */,
				817387ADD590EBC014469748 /* Pods-Tumblrbot.release.xcconfig */,
				F6E15DD798093D12758A1E9E /* Pods-TumblrbotTests.debug.xcconfig */,
				5612158B5D2132F4EFFD713E /* Pods-TumblrbotTests.release.xcconfig */,
			);
			name = Pods;
			sourceTree = "<group>";
		};
/* End PBXGroup section */

/* Begin PBXNativeTarget section */
		D39F9FF91A19673A004914C2 /* Tumblrbot */ = {
			isa = PBXNativeTarget;
			buildConfigurationList = D39FA01C1A19673A004914C2 /* Build configuration list for PBXNativeTarget "Tumblrbot" */;
			buildPhases = (
				B4FD182442A5666B2BBF153C /* [CP] Check Pods Manifest.lock */,
				D39F9FF61A19673A004914C2 /* Sources */,
				D39F9FF71A19673A004914C2 /* Frameworks */,
				D39F9FF81A19673A004914C2 /* Resources */,
			);
			buildRules = (
			);
			dependencies = (
			);
			name = Tumblrbot;
			productName = Tumblrbot;
			productReference = D39F9FFA1A19673A004914C2 /* Tumblrbot.app */;
			productType = "com.apple.product-type.application";
		};
		D39FA0111A19673A004914C2 /* TumblrbotTests */ = {
			isa = PBXNativeTarget;
			buildConfigurationList = D39FA01F1A19673A004914C2 /* Build configuration list for PBXNativeTarget "TumblrbotTests" */;
			buildPhases = (
				61714C32ACAA580AF957AFFB /* [CP] Check Pods Manifest.lock */,
				D39FA00E1A19673A004914C2 /* Sources */,
				D39FA00F1A19673A004914C2 /* Frameworks */,
				D39FA0101A19673A004914C2 /* Resources */,
			);
			buildRules = (
			);
			dependencies = (
				D39FA0141A19673A004914C2 /* PBXTargetDependency */,
			);
			name = TumblrbotTests;
			productName = TumblrbotTests;
			productReference = D39FA0121A19673A004914C2 /* TumblrbotTests.xctest */;
			productType = "com.apple.product-type.bundle.unit-test";
		};
/* End PBXNativeTarget section */

/* Begin PBXProject section */
		D39F9FF21A19673A004914C2 /* Project object */ = {
			isa = PBXProject;
			attributes = {
				LastSwiftMigration = 0720;
				LastSwiftUpdateCheck = 0720;
				LastUpgradeCheck = 1140;
				ORGANIZATIONNAME = Tumblr;
				TargetAttributes = {
					D39F9FF91A19673A004914C2 = {
						CreatedOnToolsVersion = 6.1;
						LastSwiftMigration = 0920;
					};
					D39FA0111A19673A004914C2 = {
						CreatedOnToolsVersion = 6.1;
						LastSwiftMigration = 0920;
						TestTargetID = D39F9FF91A19673A004914C2;
					};
				};
			};
			buildConfigurationList = D39F9FF51A19673A004914C2 /* Build configuration list for PBXProject "Tumblrbot" */;
			compatibilityVersion = "Xcode 3.2";
			developmentRegion = English;
			hasScannedForEncodings = 0;
			knownRegions = (
				English,
				en,
				Base,
			);
			mainGroup = D39F9FF11A19673A004914C2;
			productRefGroup = D39F9FFB1A19673A004914C2 /* Products */;
			projectDirPath = "";
			projectRoot = "";
			targets = (
				D39F9FF91A19673A004914C2 /* Tumblrbot */,
				D39FA0111A19673A004914C2 /* TumblrbotTests */,
			);
		};
/* End PBXProject section */

/* Begin PBXResourcesBuildPhase section */
		D39F9FF81A19673A004914C2 /* Resources */ = {
			isa = PBXResourcesBuildPhase;
			buildActionMask = 2147483647;
			files = (
				07E38B6C2858D4E7003E0518 /* Localizable.strings in Resources */,
				D39FA00D1A19673A004914C2 /* LaunchScreen.xib in Resources */,
				D39FA00A1A19673A004914C2 /* Resources.xcassets in Resources */,
			);
			runOnlyForDeploymentPostprocessing = 0;
		};
		D39FA0101A19673A004914C2 /* Resources */ = {
			isa = PBXResourcesBuildPhase;
			buildActionMask = 2147483647;
			files = (
			);
			runOnlyForDeploymentPostprocessing = 0;
		};
/* End PBXResourcesBuildPhase section */

/* Begin PBXShellScriptBuildPhase section */
		61714C32ACAA580AF957AFFB /* [CP] Check Pods Manifest.lock */ = {
			isa = PBXShellScriptBuildPhase;
			buildActionMask = 2147483647;
			files = (
			);
			inputFileListPaths = (
			);
			inputPaths = (
				"${PODS_PODFILE_DIR_PATH}/Podfile.lock",
				"${PODS_ROOT}/Manifest.lock",
			);
			name = "[CP] Check Pods Manifest.lock";
			outputFileListPaths = (
			);
			outputPaths = (
				"$(DERIVED_FILE_DIR)/Pods-TumblrbotTests-checkManifestLockResult.txt",
			);
			runOnlyForDeploymentPostprocessing = 0;
			shellPath = /bin/sh;
			shellScript = "diff \"${PODS_PODFILE_DIR_PATH}/Podfile.lock\" \"${PODS_ROOT}/Manifest.lock\" > /dev/null\nif [ $? != 0 ] ; then\n    # print error to STDERR\n    echo \"error: The sandbox is not in sync with the Podfile.lock. Run 'pod install' or update your CocoaPods installation.\" >&2\n    exit 1\nfi\n# This output is used by Xcode 'outputs' to avoid re-running this script phase.\necho \"SUCCESS\" > \"${SCRIPT_OUTPUT_FILE_0}\"\n";
			showEnvVarsInLog = 0;
		};
		B4FD182442A5666B2BBF153C /* [CP] Check Pods Manifest.lock */ = {
			isa = PBXShellScriptBuildPhase;
			buildActionMask = 2147483647;
			files = (
			);
			inputPaths = (
				"${PODS_PODFILE_DIR_PATH}/Podfile.lock",
				"${PODS_ROOT}/Manifest.lock",
			);
			name = "[CP] Check Pods Manifest.lock";
			outputPaths = (
				"$(DERIVED_FILE_DIR)/Pods-Tumblrbot-checkManifestLockResult.txt",
			);
			runOnlyForDeploymentPostprocessing = 0;
			shellPath = /bin/sh;
			shellScript = "diff \"${PODS_PODFILE_DIR_PATH}/Podfile.lock\" \"${PODS_ROOT}/Manifest.lock\" > /dev/null\nif [ $? != 0 ] ; then\n    # print error to STDERR\n    echo \"error: The sandbox is not in sync with the Podfile.lock. Run 'pod install' or update your CocoaPods installation.\" >&2\n    exit 1\nfi\n# This output is used by Xcode 'outputs' to avoid re-running this script phase.\necho \"SUCCESS\" > \"${SCRIPT_OUTPUT_FILE_0}\"\n";
			showEnvVarsInLog = 0;
		};
/* End PBXShellScriptBuildPhase section */

/* Begin PBXSourcesBuildPhase section */
		D39F9FF61A19673A004914C2 /* Sources */ = {
			isa = PBXSourcesBuildPhase;
			buildActionMask = 2147483647;
			files = (
				07E376C4284A22A000CCCC92 /* StorageDashboardDataManager.swift in Sources */,
				0781C95628491FD300CBCAA0 /* PostCellItem.swift in Sources */,
				0797CFC528438DB000D30EC8 /* NetworkDashboardDataManagerProtocol.swift in Sources */,
				0781C95B2849212200CBCAA0 /* ImagePostCellItem.swift in Sources */,
				0781C95F2849218400CBCAA0 /* TextPostCellItem.swift in Sources */,
				0742437C2857C2FF004F52D7 /* HeaderView.swift in Sources */,
				0797CFBE284378AE00D30EC8 /* ApiClient.swift in Sources */,
				0797CFB6284377C900D30EC8 /* URLSessionProtocol.swift in Sources */,
				0797D00D2847A5BA00D30EC8 /* Post.swift in Sources */,
				0781C961284921D000CBCAA0 /* DashboardCell.swift in Sources */,
				07E838EA284E47120089F7D4 /* ReachabilityProvider.swift in Sources */,
				07E376C2284A22A000CCCC92 /* StorageDashboardDataManagerProtocol.swift in Sources */,
				0797D009284673EC00D30EC8 /* Assembler.swift in Sources */,
				07E376C3284A22A000CCCC92 /* StorageDashboardMapper.swift in Sources */,
				0797CFB8284377E100D30EC8 /* Enpoints.swift in Sources */,
				0797D00E2847A5BA00D30EC8 /* PostMapper.swift in Sources */,
				0797CF9E284025F900D30EC8 /* CoreDataManager.swift in Sources */,
				07E838E0284CB3A90089F7D4 /* ImageDowloader.swift in Sources */,
				0797CFFD284672AC00D30EC8 /* DashboardPresenter.swift in Sources */,
				0797CFC328438BCE00D30EC8 /* DashboardResponse.swift in Sources */,
				0781C9592849205300CBCAA0 /* PostCellItemFactory.swift in Sources */,
				0797CFFF284672D300D30EC8 /* DashboardPresenterProtocol.swift in Sources */,
				07E838E2284E181C0089F7D4 /* Date+extensions.swift in Sources */,
				0797D0042846736300D30EC8 /* DashboardInteractorProtocol.swift in Sources */,
				0797CFFA2846725800D30EC8 /* DashboardViewProtocol.swift in Sources */,
				0797D007284673CD00D30EC8 /* AssemblerProtocol.swift in Sources */,
				0797CFA02840268500D30EC8 /* CoreDataManagerProtocol.swift in Sources */,
				0797CFC728438E0F00D30EC8 /* NetworkDashboardDataManager.swift in Sources */,
				D39FA0001A19673A004914C2 /* AppDelegate.swift in Sources */,
				0797D0022846735800D30EC8 /* DashboardInteractor.swift in Sources */,
				0797CFBC2843786400D30EC8 /* ApiClientProtocol.swift in Sources */,
				0797CFBA2843781D00D30EC8 /* TumblrbotURLSession.swift in Sources */,
				D39FA0031A19673A004914C2 /* Tumblrbot.xcdatamodeld in Sources */,
				0797CFF82846723E00D30EC8 /* DashboardViewController.swift in Sources */,
				0781C95D2849216500CBCAA0 /* VideoPostCellItem.swift in Sources */,
			);
			runOnlyForDeploymentPostprocessing = 0;
		};
		D39FA00E1A19673A004914C2 /* Sources */ = {
			isa = PBXSourcesBuildPhase;
			buildActionMask = 2147483647;
			files = (
				07E376C9284A22D300CCCC92 /* LocalDashboardMapperTests.swift in Sources */,
				07E376D3284A6E2500CCCC92 /* DashboardInteractorTests.swift in Sources */,
				0797D0112847A5D400D30EC8 /* PostMapperTests.swift in Sources */,
				07E376D0284A6BFE00CCCC92 /* DashboardMocks.swift in Sources */,
				0797D0122847A5D400D30EC8 /* PostMapperTestsUtils.swift in Sources */,
				07E376CC284A6BB500CCCC92 /* DashboardPresenterTests.swift in Sources */,
			);
			runOnlyForDeploymentPostprocessing = 0;
		};
/* End PBXSourcesBuildPhase section */

/* Begin PBXTargetDependency section */
		D39FA0141A19673A004914C2 /* PBXTargetDependency */ = {
			isa = PBXTargetDependency;
			target = D39F9FF91A19673A004914C2 /* Tumblrbot */;
			targetProxy = D39FA0131A19673A004914C2 /* PBXContainerItemProxy */;
		};
/* End PBXTargetDependency section */

/* Begin PBXVariantGroup section */
		07E38B6E2858D4E7003E0518 /* Localizable.strings */ = {
			isa = PBXVariantGroup;
			children = (
				07E38B6D2858D4E7003E0518 /* en */,
			);
			name = Localizable.strings;
			sourceTree = "<group>";
		};
		D39FA00B1A19673A004914C2 /* LaunchScreen.xib */ = {
			isa = PBXVariantGroup;
			children = (
				D39FA00C1A19673A004914C2 /* Base */,
			);
			name = LaunchScreen.xib;
			sourceTree = "<group>";
		};
/* End PBXVariantGroup section */

/* Begin XCBuildConfiguration section */
		D39FA01A1A19673A004914C2 /* Debug */ = {
			isa = XCBuildConfiguration;
			baseConfigurationReference = 0797CF9C28401DCF00D30EC8 /* Secrets.xcconfig */;
			buildSettings = {
				ALWAYS_SEARCH_USER_PATHS = NO;
				CLANG_ANALYZER_LOCALIZABILITY_NONLOCALIZED = YES;
				CLANG_CXX_LANGUAGE_STANDARD = "gnu++0x";
				CLANG_CXX_LIBRARY = "libc++";
				CLANG_ENABLE_MODULES = YES;
				CLANG_ENABLE_OBJC_ARC = YES;
				CLANG_WARN_BLOCK_CAPTURE_AUTORELEASING = YES;
				CLANG_WARN_BOOL_CONVERSION = YES;
				CLANG_WARN_COMMA = YES;
				CLANG_WARN_CONSTANT_CONVERSION = YES;
				CLANG_WARN_DEPRECATED_OBJC_IMPLEMENTATIONS = YES;
				CLANG_WARN_DIRECT_OBJC_ISA_USAGE = YES_ERROR;
				CLANG_WARN_EMPTY_BODY = YES;
				CLANG_WARN_ENUM_CONVERSION = YES;
				CLANG_WARN_INFINITE_RECURSION = YES;
				CLANG_WARN_INT_CONVERSION = YES;
				CLANG_WARN_NON_LITERAL_NULL_CONVERSION = YES;
				CLANG_WARN_OBJC_IMPLICIT_RETAIN_SELF = YES;
				CLANG_WARN_OBJC_LITERAL_CONVERSION = YES;
				CLANG_WARN_OBJC_ROOT_CLASS = YES_ERROR;
				CLANG_WARN_RANGE_LOOP_ANALYSIS = YES;
				CLANG_WARN_STRICT_PROTOTYPES = YES;
				CLANG_WARN_SUSPICIOUS_MOVE = YES;
				CLANG_WARN_UNREACHABLE_CODE = YES;
				CLANG_WARN__DUPLICATE_METHOD_MATCH = YES;
				"CODE_SIGN_IDENTITY[sdk=iphoneos*]" = "iPhone Developer";
				COPY_PHASE_STRIP = NO;
				ENABLE_STRICT_OBJC_MSGSEND = YES;
				ENABLE_TESTABILITY = YES;
				GCC_C_LANGUAGE_STANDARD = gnu99;
				GCC_DYNAMIC_NO_PIC = NO;
				GCC_NO_COMMON_BLOCKS = YES;
				GCC_OPTIMIZATION_LEVEL = 0;
				GCC_PREPROCESSOR_DEFINITIONS = (
					"DEBUG=1",
					"$(inherited)",
				);
				GCC_SYMBOLS_PRIVATE_EXTERN = NO;
				GCC_WARN_64_TO_32_BIT_CONVERSION = YES;
				GCC_WARN_ABOUT_RETURN_TYPE = YES_ERROR;
				GCC_WARN_UNDECLARED_SELECTOR = YES;
				GCC_WARN_UNINITIALIZED_AUTOS = YES_AGGRESSIVE;
				GCC_WARN_UNUSED_FUNCTION = YES;
				GCC_WARN_UNUSED_VARIABLE = YES;
				IPHONEOS_DEPLOYMENT_TARGET = 11.0;
				MTL_ENABLE_DEBUG_INFO = YES;
				ONLY_ACTIVE_ARCH = YES;
				SDKROOT = iphoneos;
				SWIFT_OPTIMIZATION_LEVEL = "-Onone";
				SWIFT_VERSION = 5.0;
				TARGETED_DEVICE_FAMILY = "1,2";
			};
			name = Debug;
		};
		D39FA01B1A19673A004914C2 /* Release */ = {
			isa = XCBuildConfiguration;
			baseConfigurationReference = 0797CF9C28401DCF00D30EC8 /* Secrets.xcconfig */;
			buildSettings = {
				ALWAYS_SEARCH_USER_PATHS = NO;
				CLANG_ANALYZER_LOCALIZABILITY_NONLOCALIZED = YES;
				CLANG_CXX_LANGUAGE_STANDARD = "gnu++0x";
				CLANG_CXX_LIBRARY = "libc++";
				CLANG_ENABLE_MODULES = YES;
				CLANG_ENABLE_OBJC_ARC = YES;
				CLANG_WARN_BLOCK_CAPTURE_AUTORELEASING = YES;
				CLANG_WARN_BOOL_CONVERSION = YES;
				CLANG_WARN_COMMA = YES;
				CLANG_WARN_CONSTANT_CONVERSION = YES;
				CLANG_WARN_DEPRECATED_OBJC_IMPLEMENTATIONS = YES;
				CLANG_WARN_DIRECT_OBJC_ISA_USAGE = YES_ERROR;
				CLANG_WARN_EMPTY_BODY = YES;
				CLANG_WARN_ENUM_CONVERSION = YES;
				CLANG_WARN_INFINITE_RECURSION = YES;
				CLANG_WARN_INT_CONVERSION = YES;
				CLANG_WARN_NON_LITERAL_NULL_CONVERSION = YES;
				CLANG_WARN_OBJC_IMPLICIT_RETAIN_SELF = YES;
				CLANG_WARN_OBJC_LITERAL_CONVERSION = YES;
				CLANG_WARN_OBJC_ROOT_CLASS = YES_ERROR;
				CLANG_WARN_RANGE_LOOP_ANALYSIS = YES;
				CLANG_WARN_STRICT_PROTOTYPES = YES;
				CLANG_WARN_SUSPICIOUS_MOVE = YES;
				CLANG_WARN_UNREACHABLE_CODE = YES;
				CLANG_WARN__DUPLICATE_METHOD_MATCH = YES;
				"CODE_SIGN_IDENTITY[sdk=iphoneos*]" = "iPhone Developer";
				COPY_PHASE_STRIP = YES;
				ENABLE_NS_ASSERTIONS = NO;
				ENABLE_STRICT_OBJC_MSGSEND = YES;
				GCC_C_LANGUAGE_STANDARD = gnu99;
				GCC_NO_COMMON_BLOCKS = YES;
				GCC_WARN_64_TO_32_BIT_CONVERSION = YES;
				GCC_WARN_ABOUT_RETURN_TYPE = YES_ERROR;
				GCC_WARN_UNDECLARED_SELECTOR = YES;
				GCC_WARN_UNINITIALIZED_AUTOS = YES_AGGRESSIVE;
				GCC_WARN_UNUSED_FUNCTION = YES;
				GCC_WARN_UNUSED_VARIABLE = YES;
				IPHONEOS_DEPLOYMENT_TARGET = 11.0;
				MTL_ENABLE_DEBUG_INFO = NO;
				SDKROOT = iphoneos;
				SWIFT_OPTIMIZATION_LEVEL = "-Owholemodule";
				SWIFT_VERSION = 5.0;
				TARGETED_DEVICE_FAMILY = "1,2";
				VALIDATE_PRODUCT = YES;
			};
			name = Release;
		};
		D39FA01D1A19673A004914C2 /* Debug */ = {
			isa = XCBuildConfiguration;
			baseConfigurationReference = 4458EE6FB7F38596CD891B7C /* Pods-Tumblrbot.debug.xcconfig */;
			buildSettings = {
				ASSETCATALOG_COMPILER_APPICON_NAME = AppIcon;
				CLANG_ENABLE_MODULES = YES;
				INFOPLIST_FILE = Tumblrbot/Info.plist;
				IPHONEOS_DEPLOYMENT_TARGET = 11.0;
				LD_RUNPATH_SEARCH_PATHS = "$(inherited) @executable_path/Frameworks";
				PRODUCT_BUNDLE_IDENTIFIER = "com.tumblr.$(PRODUCT_NAME:rfc1034identifier)";
				PRODUCT_NAME = "$(TARGET_NAME)";
				SWIFT_OBJC_BRIDGING_HEADER = "Tumblrbot/Tumblrbot-Bridging-Header.h";
				SWIFT_OPTIMIZATION_LEVEL = "-Onone";
				SWIFT_SWIFT3_OBJC_INFERENCE = Default;
				SWIFT_VERSION = 5.0;
			};
			name = Debug;
		};
		D39FA01E1A19673A004914C2 /* Release */ = {
			isa = XCBuildConfiguration;
			baseConfigurationReference = 817387ADD590EBC014469748 /* Pods-Tumblrbot.release.xcconfig */;
			buildSettings = {
				ASSETCATALOG_COMPILER_APPICON_NAME = AppIcon;
				CLANG_ENABLE_MODULES = YES;
				INFOPLIST_FILE = Tumblrbot/Info.plist;
				IPHONEOS_DEPLOYMENT_TARGET = 11.0;
				LD_RUNPATH_SEARCH_PATHS = "$(inherited) @executable_path/Frameworks";
				PRODUCT_BUNDLE_IDENTIFIER = "com.tumblr.$(PRODUCT_NAME:rfc1034identifier)";
				PRODUCT_NAME = "$(TARGET_NAME)";
				SWIFT_OBJC_BRIDGING_HEADER = "Tumblrbot/Tumblrbot-Bridging-Header.h";
				SWIFT_SWIFT3_OBJC_INFERENCE = Default;
				SWIFT_VERSION = 5.0;
			};
			name = Release;
		};
		D39FA0201A19673A004914C2 /* Debug */ = {
			isa = XCBuildConfiguration;
			baseConfigurationReference = F6E15DD798093D12758A1E9E /* Pods-TumblrbotTests.debug.xcconfig */;
			buildSettings = {
				BUNDLE_LOADER = "$(TEST_HOST)";
				FRAMEWORK_SEARCH_PATHS = "$(inherited)";
				GCC_PREPROCESSOR_DEFINITIONS = (
					"DEBUG=1",
					"$(inherited)",
				);
				INFOPLIST_FILE = TumblrbotTests/Info.plist;
				LD_RUNPATH_SEARCH_PATHS = "$(inherited) @executable_path/Frameworks @loader_path/Frameworks";
				PRODUCT_BUNDLE_IDENTIFIER = "com.tumblr.$(PRODUCT_NAME:rfc1034identifier)";
				PRODUCT_NAME = "$(TARGET_NAME)";
				SWIFT_SWIFT3_OBJC_INFERENCE = Default;
				SWIFT_VERSION = 4.2;
				TEST_HOST = "$(BUILT_PRODUCTS_DIR)/Tumblrbot.app/Tumblrbot";
			};
			name = Debug;
		};
		D39FA0211A19673A004914C2 /* Release */ = {
			isa = XCBuildConfiguration;
			baseConfigurationReference = 5612158B5D2132F4EFFD713E /* Pods-TumblrbotTests.release.xcconfig */;
			buildSettings = {
				BUNDLE_LOADER = "$(TEST_HOST)";
				FRAMEWORK_SEARCH_PATHS = "$(inherited)";
				INFOPLIST_FILE = TumblrbotTests/Info.plist;
				LD_RUNPATH_SEARCH_PATHS = "$(inherited) @executable_path/Frameworks @loader_path/Frameworks";
				PRODUCT_BUNDLE_IDENTIFIER = "com.tumblr.$(PRODUCT_NAME:rfc1034identifier)";
				PRODUCT_NAME = "$(TARGET_NAME)";
				SWIFT_SWIFT3_OBJC_INFERENCE = Default;
				SWIFT_VERSION = 4.2;
				TEST_HOST = "$(BUILT_PRODUCTS_DIR)/Tumblrbot.app/Tumblrbot";
			};
			name = Release;
		};
/* End XCBuildConfiguration section */

/* Begin XCConfigurationList section */
		D39F9FF51A19673A004914C2 /* Build configuration list for PBXProject "Tumblrbot" */ = {
			isa = XCConfigurationList;
			buildConfigurations = (
				D39FA01A1A19673A004914C2 /* Debug */,
				D39FA01B1A19673A004914C2 /* Release */,
			);
			defaultConfigurationIsVisible = 0;
			defaultConfigurationName = Release;
		};
		D39FA01C1A19673A004914C2 /* Build configuration list for PBXNativeTarget "Tumblrbot" */ = {
			isa = XCConfigurationList;
			buildConfigurations = (
				D39FA01D1A19673A004914C2 /* Debug */,
				D39FA01E1A19673A004914C2 /* Release */,
			);
			defaultConfigurationIsVisible = 0;
			defaultConfigurationName = Release;
		};
		D39FA01F1A19673A004914C2 /* Build configuration list for PBXNativeTarget "TumblrbotTests" */ = {
			isa = XCConfigurationList;
			buildConfigurations = (
				D39FA0201A19673A004914C2 /* Debug */,
				D39FA0211A19673A004914C2 /* Release */,
			);
			defaultConfigurationIsVisible = 0;
			defaultConfigurationName = Release;
		};
/* End XCConfigurationList section */

/* Begin XCVersionGroup section */
		D39FA0011A19673A004914C2 /* Tumblrbot.xcdatamodeld */ = {
			isa = XCVersionGroup;
			children = (
				07E838E5284E36A70089F7D4 /* Tumblrbot 3.xcdatamodel */,
				07E838DD284CAF190089F7D4 /* Tumblrbot 2.xcdatamodel */,
				D39FA0021A19673A004914C2 /* Tumblrbot.xcdatamodel */,
			);
			currentVersion = 07E838E5284E36A70089F7D4 /* Tumblrbot 3.xcdatamodel */;
			path = Tumblrbot.xcdatamodeld;
			sourceTree = "<group>";
			versionGroupType = wrapper.xcdatamodel;
		};
/* End XCVersionGroup section */
	};
	rootObject = D39F9FF21A19673A004914C2 /* Project object */;
}
